// !$*UTF8*$!
{
	archiveVersion = 1;
	classes = {
	};
	objectVersion = 46;
	objects = {

/* Begin PBXBuildFile section */
		42184F6CF50531456D48E2B4 /* libPods-GameOfLifeTests.a in Frameworks */ = {isa = PBXBuildFile; fileRef = 7EF6A14072F3AE708A51E893 /* libPods-GameOfLifeTests.a */; };
		A52DF07D1A77C863008EFA63 /* CellSpec.m in Sources */ = {isa = PBXBuildFile; fileRef = A52DF07C1A77C863008EFA63 /* CellSpec.m */; };
		A52DF0801A77C9BA008EFA63 /* Cell.m in Sources */ = {isa = PBXBuildFile; fileRef = A52DF07F1A77C9BA008EFA63 /* Cell.m */; };
		A52DF0821A7802D3008EFA63 /* NeighborhoodSpec.m in Sources */ = {isa = PBXBuildFile; fileRef = A52DF0811A7802D3008EFA63 /* NeighborhoodSpec.m */; };
		A52DF0851A7803B4008EFA63 /* Neighborhood.m in Sources */ = {isa = PBXBuildFile; fileRef = A52DF0841A7803B4008EFA63 /* Neighborhood.m */; };
		A52DF0871A781306008EFA63 /* GameSpec.m in Sources */ = {isa = PBXBuildFile; fileRef = A52DF0861A781306008EFA63 /* GameSpec.m */; };
		A52DF08A1A781339008EFA63 /* Game.m in Sources */ = {isa = PBXBuildFile; fileRef = A52DF0891A781339008EFA63 /* Game.m */; };
		A5E3E6901A772D84000CA06A /* main.m in Sources */ = {isa = PBXBuildFile; fileRef = A5E3E68F1A772D84000CA06A /* main.m */; };
		A5E3E6931A772D84000CA06A /* AppDelegate.m in Sources */ = {isa = PBXBuildFile; fileRef = A5E3E6921A772D84000CA06A /* AppDelegate.m */; };
		A5E3E6951A772D84000CA06A /* art.scnassets in Resources */ = {isa = PBXBuildFile; fileRef = A5E3E6941A772D84000CA06A /* art.scnassets */; };
		A5E3E6981A772D84000CA06A /* GameViewController.m in Sources */ = {isa = PBXBuildFile; fileRef = A5E3E6971A772D84000CA06A /* GameViewController.m */; };
		A5E3E69B1A772D84000CA06A /* Main.storyboard in Resources */ = {isa = PBXBuildFile; fileRef = A5E3E6991A772D84000CA06A /* Main.storyboard */; };
		A5E3E69D1A772D84000CA06A /* Images.xcassets in Resources */ = {isa = PBXBuildFile; fileRef = A5E3E69C1A772D84000CA06A /* Images.xcassets */; };
		A5E3E6A01A772D84000CA06A /* LaunchScreen.xib in Resources */ = {isa = PBXBuildFile; fileRef = A5E3E69E1A772D84000CA06A /* LaunchScreen.xib */; };
/* End PBXBuildFile section */

/* Begin PBXContainerItemProxy section */
		A5E3E6A61A772D84000CA06A /* PBXContainerItemProxy */ = {
			isa = PBXContainerItemProxy;
			containerPortal = A5E3E6821A772D84000CA06A /* Project object */;
			proxyType = 1;
			remoteGlobalIDString = A5E3E6891A772D84000CA06A;
			remoteInfo = GameOfLife;
		};
/* End PBXContainerItemProxy section */

/* Begin PBXFileReference section */
		3342DD6AF4090F5EA8A8195A /* Pods-GameOfLifeTests.debug.xcconfig */ = {isa = PBXFileReference; includeInIndex = 1; lastKnownFileType = text.xcconfig; name = "Pods-GameOfLifeTests.debug.xcconfig"; path = "Pods/Target Support Files/Pods-GameOfLifeTests/Pods-GameOfLifeTests.debug.xcconfig"; sourceTree = "<group>"; };
		7EF6A14072F3AE708A51E893 /* libPods-GameOfLifeTests.a */ = {isa = PBXFileReference; explicitFileType = archive.ar; includeInIndex = 0; path = "libPods-GameOfLifeTests.a"; sourceTree = BUILT_PRODUCTS_DIR; };
		A52DF07C1A77C863008EFA63 /* CellSpec.m */ = {isa = PBXFileReference; fileEncoding = 4; lastKnownFileType = sourcecode.c.objc; path = CellSpec.m; sourceTree = "<group>"; };
		A52DF07E1A77C9BA008EFA63 /* Cell.h */ = {isa = PBXFileReference; fileEncoding = 4; lastKnownFileType = sourcecode.c.h; path = Cell.h; sourceTree = "<group>"; };
		A52DF07F1A77C9BA008EFA63 /* Cell.m */ = {isa = PBXFileReference; fileEncoding = 4; lastKnownFileType = sourcecode.c.objc; path = Cell.m; sourceTree = "<group>"; };
		A52DF0811A7802D3008EFA63 /* NeighborhoodSpec.m */ = {isa = PBXFileReference; fileEncoding = 4; lastKnownFileType = sourcecode.c.objc; path = NeighborhoodSpec.m; sourceTree = "<group>"; };
		A52DF0831A7803B4008EFA63 /* Neighborhood.h */ = {isa = PBXFileReference; fileEncoding = 4; lastKnownFileType = sourcecode.c.h; path = Neighborhood.h; sourceTree = "<group>"; };
		A52DF0841A7803B4008EFA63 /* Neighborhood.m */ = {isa = PBXFileReference; fileEncoding = 4; lastKnownFileType = sourcecode.c.objc; path = Neighborhood.m; sourceTree = "<group>"; };
		A52DF0861A781306008EFA63 /* GameSpec.m */ = {isa = PBXFileReference; fileEncoding = 4; lastKnownFileType = sourcecode.c.objc; path = GameSpec.m; sourceTree = "<group>"; };
		A52DF0881A781339008EFA63 /* Game.h */ = {isa = PBXFileReference; fileEncoding = 4; lastKnownFileType = sourcecode.c.h; path = Game.h; sourceTree = "<group>"; };
		A52DF0891A781339008EFA63 /* Game.m */ = {isa = PBXFileReference; fileEncoding = 4; lastKnownFileType = sourcecode.c.objc; path = Game.m; sourceTree = "<group>"; };
		A5E3E68A1A772D84000CA06A /* GameOfLife.app */ = {isa = PBXFileReference; explicitFileType = wrapper.application; includeInIndex = 0; path = GameOfLife.app; sourceTree = BUILT_PRODUCTS_DIR; };
		A5E3E68E1A772D84000CA06A /* Info.plist */ = {isa = PBXFileReference; lastKnownFileType = text.plist.xml; path = Info.plist; sourceTree = "<group>"; };
		A5E3E68F1A772D84000CA06A /* main.m */ = {isa = PBXFileReference; lastKnownFileType = sourcecode.c.objc; path = main.m; sourceTree = "<group>"; };
		A5E3E6911A772D84000CA06A /* AppDelegate.h */ = {isa = PBXFileReference; lastKnownFileType = sourcecode.c.h; path = AppDelegate.h; sourceTree = "<group>"; };
		A5E3E6921A772D84000CA06A /* AppDelegate.m */ = {isa = PBXFileReference; lastKnownFileType = sourcecode.c.objc; path = AppDelegate.m; sourceTree = "<group>"; };
		A5E3E6941A772D84000CA06A /* art.scnassets */ = {isa = PBXFileReference; lastKnownFileType = wrapper.scnassets; path = art.scnassets; sourceTree = "<group>"; };
		A5E3E6961A772D84000CA06A /* GameViewController.h */ = {isa = PBXFileReference; lastKnownFileType = sourcecode.c.h; path = GameViewController.h; sourceTree = "<group>"; };
		A5E3E6971A772D84000CA06A /* GameViewController.m */ = {isa = PBXFileReference; lastKnownFileType = sourcecode.c.objc; path = GameViewController.m; sourceTree = "<group>"; };
		A5E3E69A1A772D84000CA06A /* Base */ = {isa = PBXFileReference; lastKnownFileType = file.storyboard; name = Base; path = Base.lproj/Main.storyboard; sourceTree = "<group>"; };
		A5E3E69C1A772D84000CA06A /* Images.xcassets */ = {isa = PBXFileReference; lastKnownFileType = folder.assetcatalog; path = Images.xcassets; sourceTree = "<group>"; };
		A5E3E69F1A772D84000CA06A /* Base */ = {isa = PBXFileReference; lastKnownFileType = file.xib; name = Base; path = Base.lproj/LaunchScreen.xib; sourceTree = "<group>"; };
		A5E3E6A51A772D84000CA06A /* GameOfLifeTests.xctest */ = {isa = PBXFileReference; explicitFileType = wrapper.cfbundle; includeInIndex = 0; path = GameOfLifeTests.xctest; sourceTree = BUILT_PRODUCTS_DIR; };
		A5E3E6AA1A772D84000CA06A /* Info.plist */ = {isa = PBXFileReference; lastKnownFileType = text.plist.xml; path = Info.plist; sourceTree = "<group>"; };
		E10E6AE16C04D4E6058C691D /* Pods-GameOfLifeTests.release.xcconfig */ = {isa = PBXFileReference; includeInIndex = 1; lastKnownFileType = text.xcconfig; name = "Pods-GameOfLifeTests.release.xcconfig"; path = "Pods/Target Support Files/Pods-GameOfLifeTests/Pods-GameOfLifeTests.release.xcconfig"; sourceTree = "<group>"; };
/* End PBXFileReference section */

/* Begin PBXFrameworksBuildPhase section */
		A5E3E6871A772D84000CA06A /* Frameworks */ = {
			isa = PBXFrameworksBuildPhase;
			buildActionMask = 2147483647;
			files = (
			);
			runOnlyForDeploymentPostprocessing = 0;
		};
		A5E3E6A21A772D84000CA06A /* Frameworks */ = {
			isa = PBXFrameworksBuildPhase;
			buildActionMask = 2147483647;
			files = (
				42184F6CF50531456D48E2B4 /* libPods-GameOfLifeTests.a in Frameworks */,
			);
			runOnlyForDeploymentPostprocessing = 0;
		};
/* End PBXFrameworksBuildPhase section */

/* Begin PBXGroup section */
		3E921FADF215408114651D71 /* Pods */ = {
			isa = PBXGroup;
			children = (
				3342DD6AF4090F5EA8A8195A /* Pods-GameOfLifeTests.debug.xcconfig */,
				E10E6AE16C04D4E6058C691D /* Pods-GameOfLifeTests.release.xcconfig */,
			);
			name = Pods;
			sourceTree = "<group>";
		};
		A5E3E6811A772D84000CA06A = {
			isa = PBXGroup;
			children = (
				A5E3E68C1A772D84000CA06A /* GameOfLife */,
				A5E3E6A81A772D84000CA06A /* GameOfLifeTests */,
				A5E3E68B1A772D84000CA06A /* Products */,
				3E921FADF215408114651D71 /* Pods */,
				C5B71B7D453AFFDF60356359 /* Frameworks */,
			);
			sourceTree = "<group>";
		};
		A5E3E68B1A772D84000CA06A /* Products */ = {
			isa = PBXGroup;
			children = (
				A5E3E68A1A772D84000CA06A /* GameOfLife.app */,
				A5E3E6A51A772D84000CA06A /* GameOfLifeTests.xctest */,
			);
			name = Products;
			sourceTree = "<group>";
		};
		A5E3E68C1A772D84000CA06A /* GameOfLife */ = {
			isa = PBXGroup;
			children = (
				A5E3E6911A772D84000CA06A /* AppDelegate.h */,
				A5E3E6921A772D84000CA06A /* AppDelegate.m */,
				A5E3E6941A772D84000CA06A /* art.scnassets */,
				A5E3E6961A772D84000CA06A /* GameViewController.h */,
				A5E3E6971A772D84000CA06A /* GameViewController.m */,
				A5E3E6991A772D84000CA06A /* Main.storyboard */,
				A5E3E69C1A772D84000CA06A /* Images.xcassets */,
				A5E3E69E1A772D84000CA06A /* LaunchScreen.xib */,
				A5E3E68D1A772D84000CA06A /* Supporting Files */,
				A52DF07E1A77C9BA008EFA63 /* Cell.h */,
				A52DF07F1A77C9BA008EFA63 /* Cell.m */,
				A52DF0831A7803B4008EFA63 /* Neighborhood.h */,
				A52DF0841A7803B4008EFA63 /* Neighborhood.m */,
				A52DF0881A781339008EFA63 /* Game.h */,
				A52DF0891A781339008EFA63 /* Game.m */,
			);
			path = GameOfLife;
			sourceTree = "<group>";
		};
		A5E3E68D1A772D84000CA06A /* Supporting Files */ = {
			isa = PBXGroup;
			children = (
				A5E3E68E1A772D84000CA06A /* Info.plist */,
				A5E3E68F1A772D84000CA06A /* main.m */,
			);
			name = "Supporting Files";
			sourceTree = "<group>";
		};
		A5E3E6A81A772D84000CA06A /* GameOfLifeTests */ = {
			isa = PBXGroup;
			children = (
				A5E3E6A91A772D84000CA06A /* Supporting Files */,
				A52DF07C1A77C863008EFA63 /* CellSpec.m */,
				A52DF0811A7802D3008EFA63 /* NeighborhoodSpec.m */,
				A52DF0861A781306008EFA63 /* GameSpec.m */,
			);
			path = GameOfLifeTests;
			sourceTree = "<group>";
		};
		A5E3E6A91A772D84000CA06A /* Supporting Files */ = {
			isa = PBXGroup;
			children = (
				A5E3E6AA1A772D84000CA06A /* Info.plist */,
			);
			name = "Supporting Files";
			sourceTree = "<group>";
		};
		C5B71B7D453AFFDF60356359 /* Frameworks */ = {
			isa = PBXGroup;
			children = (
				7EF6A14072F3AE708A51E893 /* libPods-GameOfLifeTests.a */,
			);
			name = Frameworks;
			sourceTree = "<group>";
		};
/* End PBXGroup section */

/* Begin PBXNativeTarget section */
		A5E3E6891A772D84000CA06A /* GameOfLife */ = {
			isa = PBXNativeTarget;
			buildConfigurationList = A5E3E6AF1A772D84000CA06A /* Build configuration list for PBXNativeTarget "GameOfLife" */;
			buildPhases = (
				A5E3E6861A772D84000CA06A /* Sources */,
				A5E3E6871A772D84000CA06A /* Frameworks */,
				A5E3E6881A772D84000CA06A /* Resources */,
			);
			buildRules = (
			);
			dependencies = (
			);
			name = GameOfLife;
			productName = GameOfLife;
			productReference = A5E3E68A1A772D84000CA06A /* GameOfLife.app */;
			productType = "com.apple.product-type.application";
		};
		A5E3E6A41A772D84000CA06A /* GameOfLifeTests */ = {
			isa = PBXNativeTarget;
			buildConfigurationList = A5E3E6B21A772D84000CA06A /* Build configuration list for PBXNativeTarget "GameOfLifeTests" */;
			buildPhases = (
				E584FB80E285A0A05769D71A /* Check Pods Manifest.lock */,
				A5E3E6A11A772D84000CA06A /* Sources */,
				A5E3E6A21A772D84000CA06A /* Frameworks */,
				A5E3E6A31A772D84000CA06A /* Resources */,
				F9C25D068ED810B55BC69B8E /* Copy Pods Resources */,
			);
			buildRules = (
			);
			dependencies = (
				A5E3E6A71A772D84000CA06A /* PBXTargetDependency */,
			);
			name = GameOfLifeTests;
			productName = GameOfLifeTests;
			productReference = A5E3E6A51A772D84000CA06A /* GameOfLifeTests.xctest */;
			productType = "com.apple.product-type.bundle.unit-test";
		};
/* End PBXNativeTarget section */

/* Begin PBXProject section */
		A5E3E6821A772D84000CA06A /* Project object */ = {
			isa = PBXProject;
			attributes = {
				LastUpgradeCheck = 0620;
				ORGANIZATIONNAME = "Cory Foy";
				TargetAttributes = {
					A5E3E6891A772D84000CA06A = {
						CreatedOnToolsVersion = 6.2;
					};
					A5E3E6A41A772D84000CA06A = {
						CreatedOnToolsVersion = 6.2;
						TestTargetID = A5E3E6891A772D84000CA06A;
					};
				};
			};
			buildConfigurationList = A5E3E6851A772D84000CA06A /* Build configuration list for PBXProject "GameOfLife" */;
			compatibilityVersion = "Xcode 3.2";
			developmentRegion = English;
			hasScannedForEncodings = 0;
			knownRegions = (
				en,
				Base,
			);
			mainGroup = A5E3E6811A772D84000CA06A;
			productRefGroup = A5E3E68B1A772D84000CA06A /* Products */;
			projectDirPath = "";
			projectRoot = "";
			targets = (
				A5E3E6891A772D84000CA06A /* GameOfLife */,
				A5E3E6A41A772D84000CA06A /* GameOfLifeTests */,
			);
		};
/* End PBXProject section */

/* Begin PBXResourcesBuildPhase section */
		A5E3E6881A772D84000CA06A /* Resources */ = {
			isa = PBXResourcesBuildPhase;
			buildActionMask = 2147483647;
			files = (
				A5E3E6A01A772D84000CA06A /* LaunchScreen.xib in Resources */,
				A5E3E69D1A772D84000CA06A /* Images.xcassets in Resources */,
				A5E3E6951A772D84000CA06A /* art.scnassets in Resources */,
				A5E3E69B1A772D84000CA06A /* Main.storyboard in Resources */,
			);
			runOnlyForDeploymentPostprocessing = 0;
		};
		A5E3E6A31A772D84000CA06A /* Resources */ = {
			isa = PBXResourcesBuildPhase;
			buildActionMask = 2147483647;
			files = (
			);
			runOnlyForDeploymentPostprocessing = 0;
		};
/* End PBXResourcesBuildPhase section */

/* Begin PBXShellScriptBuildPhase section */
		E584FB80E285A0A05769D71A /* Check Pods Manifest.lock */ = {
			isa = PBXShellScriptBuildPhase;
			buildActionMask = 2147483647;
			files = (
			);
			inputPaths = (
			);
			name = "Check Pods Manifest.lock";
			outputPaths = (
			);
			runOnlyForDeploymentPostprocessing = 0;
			shellPath = /bin/sh;
			shellScript = "diff \"${PODS_ROOT}/../Podfile.lock\" \"${PODS_ROOT}/Manifest.lock\" > /dev/null\nif [[ $? != 0 ]] ; then\n    cat << EOM\nerror: The sandbox is not in sync with the Podfile.lock. Run 'pod install' or update your CocoaPods installation.\nEOM\n    exit 1\nfi\n";
			showEnvVarsInLog = 0;
		};
		F9C25D068ED810B55BC69B8E /* Copy Pods Resources */ = {
			isa = PBXShellScriptBuildPhase;
			buildActionMask = 2147483647;
			files = (
			);
			inputPaths = (
			);
			name = "Copy Pods Resources";
			outputPaths = (
			);
			runOnlyForDeploymentPostprocessing = 0;
			shellPath = /bin/sh;
			shellScript = "\"${SRCROOT}/Pods/Target Support Files/Pods-GameOfLifeTests/Pods-GameOfLifeTests-resources.sh\"\n";
			showEnvVarsInLog = 0;
		};
/* End PBXShellScriptBuildPhase section */

/* Begin PBXSourcesBuildPhase section */
		A5E3E6861A772D84000CA06A /* Sources */ = {
			isa = PBXSourcesBuildPhase;
			buildActionMask = 2147483647;
			files = (
				A5E3E6931A772D84000CA06A /* AppDelegate.m in Sources */,
				A52DF0801A77C9BA008EFA63 /* Cell.m in Sources */,
				A52DF0851A7803B4008EFA63 /* Neighborhood.m in Sources */,
				A52DF08A1A781339008EFA63 /* Game.m in Sources */,
				A5E3E6981A772D84000CA06A /* GameViewController.m in Sources */,
				A5E3E6901A772D84000CA06A /* main.m in Sources */,
			);
			runOnlyForDeploymentPostprocessing = 0;
		};
		A5E3E6A11A772D84000CA06A /* Sources */ = {
			isa = PBXSourcesBuildPhase;
			buildActionMask = 2147483647;
			files = (
				A52DF0821A7802D3008EFA63 /* NeighborhoodSpec.m in Sources */,
				A52DF0871A781306008EFA63 /* GameSpec.m in Sources */,
				A52DF07D1A77C863008EFA63 /* CellSpec.m in Sources */,
			);
			runOnlyForDeploymentPostprocessing = 0;
		};
/* End PBXSourcesBuildPhase section */

/* Begin PBXTargetDependency section */
		A5E3E6A71A772D84000CA06A /* PBXTargetDependency */ = {
			isa = PBXTargetDependency;
			target = A5E3E6891A772D84000CA06A /* GameOfLife */;
			targetProxy = A5E3E6A61A772D84000CA06A /* PBXContainerItemProxy */;
		};
/* End PBXTargetDependency section */

/* Begin PBXVariantGroup section */
		A5E3E6991A772D84000CA06A /* Main.storyboard */ = {
			isa = PBXVariantGroup;
			children = (
				A5E3E69A1A772D84000CA06A /* Base */,
			);
			name = Main.storyboard;
			sourceTree = "<group>";
		};
		A5E3E69E1A772D84000CA06A /* LaunchScreen.xib */ = {
			isa = PBXVariantGroup;
			children = (
				A5E3E69F1A772D84000CA06A /* Base */,
			);
			name = LaunchScreen.xib;
			sourceTree = "<group>";
		};
/* End PBXVariantGroup section */

/* Begin XCBuildConfiguration section */
		A5E3E6AD1A772D84000CA06A /* Debug */ = {
			isa = XCBuildConfiguration;
			buildSettings = {
				ALWAYS_SEARCH_USER_PATHS = NO;
				CLANG_CXX_LANGUAGE_STANDARD = "gnu++0x";
				CLANG_CXX_LIBRARY = "libc++";
				CLANG_ENABLE_MODULES = YES;
				CLANG_ENABLE_OBJC_ARC = YES;
				CLANG_WARN_BOOL_CONVERSION = YES;
				CLANG_WARN_CONSTANT_CONVERSION = YES;
				CLANG_WARN_DIRECT_OBJC_ISA_USAGE = YES_ERROR;
				CLANG_WARN_EMPTY_BODY = YES;
				CLANG_WARN_ENUM_CONVERSION = YES;
				CLANG_WARN_INT_CONVERSION = YES;
				CLANG_WARN_OBJC_ROOT_CLASS = YES_ERROR;
				CLANG_WARN_UNREACHABLE_CODE = YES;
				CLANG_WARN__DUPLICATE_METHOD_MATCH = YES;
				"CODE_SIGN_IDENTITY[sdk=iphoneos*]" = "iPhone Developer";
				COPY_PHASE_STRIP = NO;
				ENABLE_STRICT_OBJC_MSGSEND = YES;
				GCC_C_LANGUAGE_STANDARD = gnu99;
				GCC_DYNAMIC_NO_PIC = NO;
				GCC_OPTIMIZATION_LEVEL = 0;
				GCC_PREPROCESSOR_DEFINITIONS = (
					"DEBUG=1",
					"$(inherited)",
				);
				GCC_SYMBOLS_PRIVATE_EXTERN = NO;
				GCC_WARN_64_TO_32_BIT_CONVERSION = YES;
				GCC_WARN_ABOUT_RETURN_TYPE = YES_ERROR;
				GCC_WARN_UNDECLARED_SELECTOR = YES;
				GCC_WARN_UNINITIALIZED_AUTOS = YES_AGGRESSIVE;
				GCC_WARN_UNUSED_FUNCTION = YES;
				GCC_WARN_UNUSED_VARIABLE = YES;
				IPHONEOS_DEPLOYMENT_TARGET = 8.2;
				MTL_ENABLE_DEBUG_INFO = YES;
				ONLY_ACTIVE_ARCH = YES;
				SDKROOT = iphoneos;
				TARGETED_DEVICE_FAMILY = "1,2";
			};
			name = Debug;
		};
		A5E3E6AE1A772D84000CA06A /* Release */ = {
			isa = XCBuildConfiguration;
			buildSettings = {
				ALWAYS_SEARCH_USER_PATHS = NO;
				CLANG_CXX_LANGUAGE_STANDARD = "gnu++0x";
				CLANG_CXX_LIBRARY = "libc++";
				CLANG_ENABLE_MODULES = YES;
				CLANG_ENABLE_OBJC_ARC = YES;
				CLANG_WARN_BOOL_CONVERSION = YES;
				CLANG_WARN_CONSTANT_CONVERSION = YES;
				CLANG_WARN_DIRECT_OBJC_ISA_USAGE = YES_ERROR;
				CLANG_WARN_EMPTY_BODY = YES;
				CLANG_WARN_ENUM_CONVERSION = YES;
				CLANG_WARN_INT_CONVERSION = YES;
				CLANG_WARN_OBJC_ROOT_CLASS = YES_ERROR;
				CLANG_WARN_UNREACHABLE_CODE = YES;
				CLANG_WARN__DUPLICATE_METHOD_MATCH = YES;
				"CODE_SIGN_IDENTITY[sdk=iphoneos*]" = "iPhone Developer";
				COPY_PHASE_STRIP = NO;
				ENABLE_NS_ASSERTIONS = NO;
				ENABLE_STRICT_OBJC_MSGSEND = YES;
				GCC_C_LANGUAGE_STANDARD = gnu99;
				GCC_WARN_64_TO_32_BIT_CONVERSION = YES;
				GCC_WARN_ABOUT_RETURN_TYPE = YES_ERROR;
				GCC_WARN_UNDECLARED_SELECTOR = YES;
				GCC_WARN_UNINITIALIZED_AUTOS = YES_AGGRESSIVE;
				GCC_WARN_UNUSED_FUNCTION = YES;
				GCC_WARN_UNUSED_VARIABLE = YES;
				IPHONEOS_DEPLOYMENT_TARGET = 8.2;
				MTL_ENABLE_DEBUG_INFO = NO;
				SDKROOT = iphoneos;
				TARGETED_DEVICE_FAMILY = "1,2";
				VALIDATE_PRODUCT = YES;
			};
			name = Release;
		};
		A5E3E6B01A772D84000CA06A /* Debug */ = {
			isa = XCBuildConfiguration;
			buildSettings = {
				ASSETCATALOG_COMPILER_APPICON_NAME = AppIcon;
				INFOPLIST_FILE = GameOfLife/Info.plist;
				LD_RUNPATH_SEARCH_PATHS = "$(inherited) @executable_path/Frameworks";
				PRODUCT_NAME = "$(TARGET_NAME)";
			};
			name = Debug;
		};
		A5E3E6B11A772D84000CA06A /* Release */ = {
			isa = XCBuildConfiguration;
			buildSettings = {
				ASSETCATALOG_COMPILER_APPICON_NAME = AppIcon;
				INFOPLIST_FILE = GameOfLife/Info.plist;
				LD_RUNPATH_SEARCH_PATHS = "$(inherited) @executable_path/Frameworks";
				PRODUCT_NAME = "$(TARGET_NAME)";
			};
			name = Release;
		};
		A5E3E6B31A772D84000CA06A /* Debug */ = {
			isa = XCBuildConfiguration;
			baseConfigurationReference = 3342DD6AF4090F5EA8A8195A /* Pods-GameOfLifeTests.debug.xcconfig */;
			buildSettings = {
				BUNDLE_LOADER = "$(TEST_HOST)";
				FRAMEWORK_SEARCH_PATHS = (
					"$(SDKROOT)/Developer/Library/Frameworks",
					"$(inherited)",
				);
				GCC_PREPROCESSOR_DEFINITIONS = (
					"DEBUG=1",
					"$(inherited)",
				);
				INFOPLIST_FILE = GameOfLifeTests/Info.plist;
				LD_RUNPATH_SEARCH_PATHS = "$(inherited) @executable_path/Frameworks @loader_path/Frameworks";
				PRODUCT_NAME = "$(TARGET_NAME)";
				TEST_HOST = "$(BUILT_PRODUCTS_DIR)/GameOfLife.app/GameOfLife";
			};
			name = Debug;
		};
		A5E3E6B41A772D84000CA06A /* Release */ = {
			isa = XCBuildConfiguration;
			baseConfigurationReference = E10E6AE16C04D4E6058C691D /* Pods-GameOfLifeTests.release.xcconfig */;
			buildSettings = {
				BUNDLE_LOADER = "$(TEST_HOST)";
				FRAMEWORK_SEARCH_PATHS = (
					"$(SDKROOT)/Developer/Library/Frameworks",
					"$(inherited)",
				);
				INFOPLIST_FILE = GameOfLifeTests/Info.plist;
				LD_RUNPATH_SEARCH_PATHS = "$(inherited) @executable_path/Frameworks @loader_path/Frameworks";
				PRODUCT_NAME = "$(TARGET_NAME)";
				TEST_HOST = "$(BUILT_PRODUCTS_DIR)/GameOfLife.app/GameOfLife";
			};
			name = Release;
		};
/* End XCBuildConfiguration section */

/* Begin XCConfigurationList section */
		A5E3E6851A772D84000CA06A /* Build configuration list for PBXProject "GameOfLife" */ = {
			isa = XCConfigurationList;
			buildConfigurations = (
				A5E3E6AD1A772D84000CA06A /* Debug */,
				A5E3E6AE1A772D84000CA06A /* Release */,
			);
			defaultConfigurationIsVisible = 0;
			defaultConfigurationName = Release;
		};
		A5E3E6AF1A772D84000CA06A /* Build configuration list for PBXNativeTarget "GameOfLife" */ = {
			isa = XCConfigurationList;
			buildConfigurations = (
				A5E3E6B01A772D84000CA06A /* Debug */,
				A5E3E6B11A772D84000CA06A /* Release */,
			);
			defaultConfigurationIsVisible = 0;
			defaultConfigurationName = Release;
		};
		A5E3E6B21A772D84000CA06A /* Build configuration list for PBXNativeTarget "GameOfLifeTests" */ = {
			isa = XCConfigurationList;
			buildConfigurations = (
				A5E3E6B31A772D84000CA06A /* Debug */,
				A5E3E6B41A772D84000CA06A /* Release */,
			);
			defaultConfigurationIsVisible = 0;
			defaultConfigurationName = Release;
		};
/* End XCConfigurationList section */
	};
	rootObject = A5E3E6821A772D84000CA06A /* Project object */;
}
